# Arcade-NamcoSystem2_MiSTer -- vendored dependency lock file.
# Every third-party file in rtl/third_party/ and sys/ comes from one of these
# pins; docs/provenance.md says which file came from where.
Template_MiSTer (sys/, via Arcade-GingaNin_MiSTer)      24cdb917776970b317bbccbaf643058919d6c61d
Arcade-GingaNin_MiSTer (fx68k, mc6809is GN-4, savestate, parks, sdram, video_retime, crt_chain, cheats, hiscore, crt_adjust, sdram_model)   24cdb917776970b317bbccbaf643058919d6c61d
Arcade-JalecoMS1BCD_MiSTer (jt51, pin 985a573dcfc1ff135553a39f7eae21d18ba57cbe)   f858ada95bc10fede3bed818ab10b2903d625abd
MAME (reference only)                                   017b8670f0ad3be2f64911bf587eb137e53f08bd
